
Microsoft Visual Studio Solution File, Format Version 12.00
# Visual Studio Version 17
VisualStudioVersion = 17.10.35027.167
MinimumVisualStudioVersion = 10.0.40219.1
Project("{FAE04EC0-301F-11D3-BF4B-00C04F79EFBC}") = "Final project", "Final project\Final project.csproj", "{9DE37327-FC4E-467B-84FE-EE7E75689145}"
EndProject
Global
	GlobalSection(SolutionConfigurationPlatforms) = preSolution
		Debug|Any CPU = Debug|Any CPU
		Release|Any CPU = Release|Any CPU
	EndGlobalSection
	GlobalSection(ProjectConfigurationPlatforms) = postSolution
		{9DE37327-FC4E-467B-84FE-EE7E75689145}.Debug|Any CPU.ActiveCfg = Debug|Any CPU
		{9DE37327-FC4E-467B-84FE-EE7E75689145}.Debug|Any CPU.Build.0 = Debug|Any CPU
		{9DE37327-FC4E-467B-84FE-EE7E75689145}.Release|Any CPU.ActiveCfg = Release|Any CPU
		{9DE37327-FC4E-467B-84FE-EE7E75689145}.Release|Any CPU.Build.0 = Release|Any CPU
	EndGlobalSection
	GlobalSection(SolutionProperties) = preSolution
		HideSolutionNode = FALSE
	EndGlobalSection
	GlobalSection(ExtensibilityGlobals) = postSolution
		SolutionGuid = {56DE2EA8-91EB-492B-9599-F8CB963DAA51}
	EndGlobalSection
EndGlobal
